// !$*UTF8*$!
{
	archiveVersion = 1;
	classes = {
	};
	objectVersion = 46;
	objects = {

/* Begin PBXBuildFile section */
		7279EDEE1C5570860026F8C5 /* engine.so in Frameworks */ = {isa = PBXBuildFile; fileRef = 7279EDED1C5570860026F8C5 /* engine.so */; settings = {ATTRIBUTES = (Required, ); }; };
		7279EE211C5E76A20026F8C5 /* libclang.dylib in Frameworks */ = {isa = PBXBuildFile; fileRef = 7279EE201C5E76A20026F8C5 /* libclang.dylib */; };
		7279EE2E1C5E82E90026F8C5 /* ClangUtil.cpp in Sources */ = {isa = PBXBuildFile; fileRef = 7279EE2C1C5E82E90026F8C5 /* ClangUtil.cpp */; };
		7279EE381C5EA47E0026F8C5 /* ScriptParser.cpp in Sources */ = {isa = PBXBuildFile; fileRef = 7279EE361C5EA47E0026F8C5 /* ScriptParser.cpp */; };
		7279EE3B1C5EA5020026F8C5 /* ScriptClass.cpp in Sources */ = {isa = PBXBuildFile; fileRef = 7279EE391C5EA5020026F8C5 /* ScriptClass.cpp */; };
		7279EE5E1C6B9D830026F8C5 /* ScriptWorld.cpp in Sources */ = {isa = PBXBuildFile; fileRef = 7279EE5C1C6B9D830026F8C5 /* ScriptWorld.cpp */; };
		72C9877E1C4AEB36008BEFF3 /* Timer.cpp in Sources */ = {isa = PBXBuildFile; fileRef = 72C987791C4AEB36008BEFF3 /* Timer.cpp */; };
		72E3CF9F1C7514FA002DA95E /* testSerialization.cpp in Sources */ = {isa = PBXBuildFile; fileRef = 72E3CF921C7514FA002DA95E /* testSerialization.cpp */; };
		72F5CFC51C81C16D00C970EC /* GameObjectBase.hpp in Sources */ = {isa = PBXBuildFile; fileRef = 72F5CFC41C81C16D00C970EC /* GameObjectBase.hpp */; };
		72F5CFC81C81C21600C970EC /* GameComponent.cpp in Sources */ = {isa = PBXBuildFile; fileRef = 72F5CFC71C81C21600C970EC /* GameComponent.cpp */; };
/* End PBXBuildFile section */

/* Begin PBXCopyFilesBuildPhase section */
		72E26FA81C3072340035E270 /* CopyFiles */ = {
			isa = PBXCopyFilesBuildPhase;
			buildActionMask = 2147483647;
			dstPath = /usr/share/man/man1/;
			dstSubfolderSpec = 0;
			files = (
			);
			runOnlyForDeploymentPostprocessing = 1;
		};
/* End PBXCopyFilesBuildPhase section */

/* Begin PBXFileReference section */
		7212B3561C6E59DC009C29F7 /* GameObject.hpp */ = {isa = PBXFileReference; fileEncoding = 4; lastKnownFileType = sourcecode.cpp.h; path = GameObject.hpp; sourceTree = "<group>"; };
		7212B35B1C6EC59D009C29F7 /* Components.hpp */ = {isa = PBXFileReference; fileEncoding = 4; lastKnownFileType = sourcecode.cpp.h; path = Components.hpp; sourceTree = "<group>"; };
		7279EDED1C5570860026F8C5 /* engine.so */ = {isa = PBXFileReference; lastKnownFileType = "compiled.mach-o.dylib"; name = engine.so; path = Build/Build/Products/Debug/engine.so; sourceTree = SOURCE_ROOT; };
		7279EE201C5E76A20026F8C5 /* libclang.dylib */ = {isa = PBXFileReference; lastKnownFileType = "compiled.mach-o.dylib"; path = libclang.dylib; sourceTree = "<group>"; };
		7279EE2C1C5E82E90026F8C5 /* ClangUtil.cpp */ = {isa = PBXFileReference; fileEncoding = 4; lastKnownFileType = sourcecode.cpp.cpp; path = ClangUtil.cpp; sourceTree = "<group>"; };
		7279EE2D1C5E82E90026F8C5 /* ClangUtil.hpp */ = {isa = PBXFileReference; fileEncoding = 4; lastKnownFileType = sourcecode.cpp.h; path = ClangUtil.hpp; sourceTree = "<group>"; };
		7279EE361C5EA47E0026F8C5 /* ScriptParser.cpp */ = {isa = PBXFileReference; fileEncoding = 4; lastKnownFileType = sourcecode.cpp.cpp; path = ScriptParser.cpp; sourceTree = "<group>"; };
		7279EE371C5EA47E0026F8C5 /* ScriptParser.hpp */ = {isa = PBXFileReference; fileEncoding = 4; lastKnownFileType = sourcecode.cpp.h; path = ScriptParser.hpp; sourceTree = "<group>"; };
		7279EE391C5EA5020026F8C5 /* ScriptClass.cpp */ = {isa = PBXFileReference; fileEncoding = 4; lastKnownFileType = sourcecode.cpp.cpp; path = ScriptClass.cpp; sourceTree = "<group>"; };
		7279EE3A1C5EA5020026F8C5 /* ScriptClass.hpp */ = {isa = PBXFileReference; fileEncoding = 4; lastKnownFileType = sourcecode.cpp.h; path = ScriptClass.hpp; sourceTree = "<group>"; };
		7279EE3F1C5EB40B0026F8C5 /* IScriptSystem.hpp */ = {isa = PBXFileReference; fileEncoding = 4; lastKnownFileType = sourcecode.cpp.h; path = IScriptSystem.hpp; sourceTree = "<group>"; };
		7279EE5C1C6B9D830026F8C5 /* ScriptWorld.cpp */ = {isa = PBXFileReference; fileEncoding = 4; lastKnownFileType = sourcecode.cpp.cpp; path = ScriptWorld.cpp; sourceTree = "<group>"; };
		7279EE5D1C6B9D830026F8C5 /* ScriptWorld.hpp */ = {isa = PBXFileReference; fileEncoding = 4; lastKnownFileType = sourcecode.cpp.h; path = ScriptWorld.hpp; sourceTree = "<group>"; };
		7279EE631C6BA6530026F8C5 /* ScriptExample.hpp */ = {isa = PBXFileReference; lastKnownFileType = sourcecode.cpp.h; path = ScriptExample.hpp; sourceTree = "<group>"; };
		7279EE6B1C6BD1E40026F8C5 /* scriptWorld_autogenerated.cpp */ = {isa = PBXFileReference; lastKnownFileType = sourcecode.cpp.cpp; path = scriptWorld_autogenerated.cpp; sourceTree = "<group>"; };
		72C987681C4AEB36008BEFF3 /* Container.hpp */ = {isa = PBXFileReference; fileEncoding = 4; lastKnownFileType = sourcecode.cpp.h; path = Container.hpp; sourceTree = "<group>"; };
		72C987691C4AEB36008BEFF3 /* GameSettings.hpp */ = {isa = PBXFileReference; fileEncoding = 4; lastKnownFileType = sourcecode.cpp.h; path = GameSettings.hpp; sourceTree = "<group>"; };
		72C9876A1C4AEB36008BEFF3 /* GameSystem.hpp */ = {isa = PBXFileReference; fileEncoding = 4; lastKnownFileType = sourcecode.cpp.h; path = GameSystem.hpp; sourceTree = "<group>"; };
		72C9876B1C4AEB36008BEFF3 /* GameWorld.hpp */ = {isa = PBXFileReference; fileEncoding = 4; lastKnownFileType = sourcecode.cpp.h; path = GameWorld.hpp; sourceTree = "<group>"; };
		72C9876D1C4AEB36008BEFF3 /* Event.hpp */ = {isa = PBXFileReference; fileEncoding = 4; lastKnownFileType = sourcecode.cpp.h; path = Event.hpp; sourceTree = "<group>"; };
		72C9876E1C4AEB36008BEFF3 /* Property.hpp */ = {isa = PBXFileReference; fileEncoding = 4; lastKnownFileType = sourcecode.cpp.h; path = Property.hpp; sourceTree = "<group>"; };
		72C987701C4AEB36008BEFF3 /* meta.hpp */ = {isa = PBXFileReference; fileEncoding = 4; lastKnownFileType = sourcecode.cpp.h; path = meta.hpp; sourceTree = "<group>"; };
		72C987711C4AEB36008BEFF3 /* meta_fwd.hpp */ = {isa = PBXFileReference; fileEncoding = 4; lastKnownFileType = sourcecode.cpp.h; path = meta_fwd.hpp; sourceTree = "<group>"; };
		72C987721C4AEB36008BEFF3 /* metaLib.hpp */ = {isa = PBXFileReference; fileEncoding = 4; lastKnownFileType = sourcecode.cpp.h; path = metaLib.hpp; sourceTree = "<group>"; };
		72C987791C4AEB36008BEFF3 /* Timer.cpp */ = {isa = PBXFileReference; fileEncoding = 4; lastKnownFileType = sourcecode.cpp.cpp; path = Timer.cpp; sourceTree = "<group>"; };
		72C9877A1C4AEB36008BEFF3 /* Timer.hpp */ = {isa = PBXFileReference; fileEncoding = 4; lastKnownFileType = sourcecode.cpp.h; path = Timer.hpp; sourceTree = "<group>"; };
		72C9878B1C4BC4B9008BEFF3 /* JsonSerializer.hpp */ = {isa = PBXFileReference; fileEncoding = 4; lastKnownFileType = sourcecode.cpp.h; path = JsonSerializer.hpp; sourceTree = "<group>"; };
		72C9878C1C4BC4B9008BEFF3 /* minijson_reader.hpp */ = {isa = PBXFileReference; fileEncoding = 4; lastKnownFileType = sourcecode.cpp.h; path = minijson_reader.hpp; sourceTree = "<group>"; };
		72C9878D1C4BC4B9008BEFF3 /* minijson_writer.hpp */ = {isa = PBXFileReference; fileEncoding = 4; lastKnownFileType = sourcecode.cpp.h; path = minijson_writer.hpp; sourceTree = "<group>"; };
		72C9878E1C4BC4B9008BEFF3 /* TypeInfo.hpp */ = {isa = PBXFileReference; fileEncoding = 4; lastKnownFileType = sourcecode.cpp.h; path = TypeInfo.hpp; sourceTree = "<group>"; };
		72C987951C4D7E36008BEFF3 /* UnitTest.hpp */ = {isa = PBXFileReference; lastKnownFileType = sourcecode.cpp.h; path = UnitTest.hpp; sourceTree = "<group>"; };
		72E26FAA1C3072340035E270 /* ComponentSystem */ = {isa = PBXFileReference; explicitFileType = "compiled.mach-o.executable"; includeInIndex = 0; path = ComponentSystem; sourceTree = BUILT_PRODUCTS_DIR; };
		72E3CF921C7514FA002DA95E /* testSerialization.cpp */ = {isa = PBXFileReference; fileEncoding = 4; lastKnownFileType = sourcecode.cpp.cpp; path = testSerialization.cpp; sourceTree = "<group>"; };
		72E3CFA61C7515DB002DA95E /* Systems.hpp */ = {isa = PBXFileReference; fileEncoding = 4; lastKnownFileType = sourcecode.cpp.h; path = Systems.hpp; sourceTree = "<group>"; };
		72F5CFC41C81C16D00C970EC /* GameObjectBase.hpp */ = {isa = PBXFileReference; fileEncoding = 4; lastKnownFileType = sourcecode.cpp.h; path = GameObjectBase.hpp; sourceTree = "<group>"; };
		72F5CFC61C81C1D900C970EC /* GameComponent.hpp */ = {isa = PBXFileReference; fileEncoding = 4; lastKnownFileType = sourcecode.cpp.h; path = GameComponent.hpp; sourceTree = "<group>"; };
		72F5CFC71C81C21600C970EC /* GameComponent.cpp */ = {isa = PBXFileReference; fileEncoding = 4; lastKnownFileType = sourcecode.cpp.cpp; path = GameComponent.cpp; sourceTree = "<group>"; };
		72F5CFCA1C8344BB00C970EC /* GameWorldBase.hpp */ = {isa = PBXFileReference; fileEncoding = 4; lastKnownFileType = sourcecode.cpp.h; path = GameWorldBase.hpp; sourceTree = "<group>"; };
/* End PBXFileReference section */

/* Begin PBXFrameworksBuildPhase section */
		72E26FA71C3072340035E270 /* Frameworks */ = {
			isa = PBXFrameworksBuildPhase;
			buildActionMask = 2147483647;
			files = (
				7279EE211C5E76A20026F8C5 /* libclang.dylib in Frameworks */,
				7279EDEE1C5570860026F8C5 /* engine.so in Frameworks */,
			);
			runOnlyForDeploymentPostprocessing = 0;
		};
/* End PBXFrameworksBuildPhase section */

/* Begin PBXGroup section */
		7279EDEF1C56BAC70026F8C5 /* Scripting */ = {
			isa = PBXGroup;
			children = (
				7279EE3F1C5EB40B0026F8C5 /* IScriptSystem.hpp */,
				7279EE361C5EA47E0026F8C5 /* ScriptParser.cpp */,
				7279EE371C5EA47E0026F8C5 /* ScriptParser.hpp */,
				7279EE391C5EA5020026F8C5 /* ScriptClass.cpp */,
				7279EE3A1C5EA5020026F8C5 /* ScriptClass.hpp */,
				7279EE5C1C6B9D830026F8C5 /* ScriptWorld.cpp */,
				7279EE5D1C6B9D830026F8C5 /* ScriptWorld.hpp */,
			);
			path = Scripting;
			sourceTree = "<group>";
		};
		7279EE5F1C6B9FFC0026F8C5 /* ScriptInclude */ = {
			isa = PBXGroup;
			children = (
				7212B35B1C6EC59D009C29F7 /* Components.hpp */,
				7279EE6B1C6BD1E40026F8C5 /* scriptWorld_autogenerated.cpp */,
			);
			path = ScriptInclude;
			sourceTree = "<group>";
		};
		7279EE621C6BA6320026F8C5 /* ScriptCode */ = {
			isa = PBXGroup;
			children = (
				7279EE631C6BA6530026F8C5 /* ScriptExample.hpp */,
			);
			path = ScriptCode;
			sourceTree = "<group>";
		};
		72C987671C4AEB36008BEFF3 /* ComponentSystem */ = {
			isa = PBXGroup;
			children = (
				72C987681C4AEB36008BEFF3 /* Container.hpp */,
				72F5CFC71C81C21600C970EC /* GameComponent.cpp */,
				72F5CFC61C81C1D900C970EC /* GameComponent.hpp */,
				7212B3561C6E59DC009C29F7 /* GameObject.hpp */,
				72F5CFC41C81C16D00C970EC /* GameObjectBase.hpp */,
				72C987691C4AEB36008BEFF3 /* GameSettings.hpp */,
				72C9876A1C4AEB36008BEFF3 /* GameSystem.hpp */,
				72C9876B1C4AEB36008BEFF3 /* GameWorld.hpp */,
				72F5CFCA1C8344BB00C970EC /* GameWorldBase.hpp */,
			);
			path = ComponentSystem;
			sourceTree = "<group>";
		};
		72C9876C1C4AEB36008BEFF3 /* Data */ = {
			isa = PBXGroup;
			children = (
				72C9876D1C4AEB36008BEFF3 /* Event.hpp */,
				72C9876E1C4AEB36008BEFF3 /* Property.hpp */,
			);
			path = Data;
			sourceTree = "<group>";
		};
		72C9876F1C4AEB36008BEFF3 /* meta */ = {
			isa = PBXGroup;
			children = (
				72C987701C4AEB36008BEFF3 /* meta.hpp */,
				72C987711C4AEB36008BEFF3 /* meta_fwd.hpp */,
				72C987721C4AEB36008BEFF3 /* metaLib.hpp */,
			);
			path = meta;
			sourceTree = "<group>";
		};
		72C987781C4AEB36008BEFF3 /* utils */ = {
			isa = PBXGroup;
			children = (
				72C987791C4AEB36008BEFF3 /* Timer.cpp */,
				72C9877A1C4AEB36008BEFF3 /* Timer.hpp */,
				72C987951C4D7E36008BEFF3 /* UnitTest.hpp */,
				7279EE2C1C5E82E90026F8C5 /* ClangUtil.cpp */,
				7279EE2D1C5E82E90026F8C5 /* ClangUtil.hpp */,
			);
			path = utils;
			sourceTree = "<group>";
		};
		72C9878A1C4BC4B9008BEFF3 /* Serialization */ = {
			isa = PBXGroup;
			children = (
				72C9878B1C4BC4B9008BEFF3 /* JsonSerializer.hpp */,
				72C9878C1C4BC4B9008BEFF3 /* minijson_reader.hpp */,
				72C9878D1C4BC4B9008BEFF3 /* minijson_writer.hpp */,
				72C9878E1C4BC4B9008BEFF3 /* TypeInfo.hpp */,
			);
			path = Serialization;
			sourceTree = "<group>";
		};
		72E26FA11C3072340035E270 = {
			isa = PBXGroup;
			children = (
				72E26FAC1C3072340035E270 /* ComponentSystem */,
				72E26FAB1C3072340035E270 /* Products */,
			);
			sourceTree = "<group>";
		};
		72E26FAB1C3072340035E270 /* Products */ = {
			isa = PBXGroup;
			children = (
				72E26FAA1C3072340035E270 /* ComponentSystem */,
			);
			name = Products;
			sourceTree = "<group>";
		};
		72E26FAC1C3072340035E270 /* ComponentSystem */ = {
			isa = PBXGroup;
			children = (
				72C987671C4AEB36008BEFF3 /* ComponentSystem */,
				72C9876C1C4AEB36008BEFF3 /* Data */,
				7279EDED1C5570860026F8C5 /* engine.so */,
				7279EE201C5E76A20026F8C5 /* libclang.dylib */,
				72C9876F1C4AEB36008BEFF3 /* meta */,
				7279EE621C6BA6320026F8C5 /* ScriptCode */,
				7279EE5F1C6B9FFC0026F8C5 /* ScriptInclude */,
				7279EDEF1C56BAC70026F8C5 /* Scripting */,
				72C9878A1C4BC4B9008BEFF3 /* Serialization */,
				72E3CF871C7514FA002DA95E /* tests */,
				72C987781C4AEB36008BEFF3 /* utils */,
			);
			path = ComponentSystem;
			sourceTree = "<group>";
		};
		72E3CF871C7514FA002DA95E /* tests */ = {
			isa = PBXGroup;
			children = (
				72E3CFA61C7515DB002DA95E /* Systems.hpp */,
				72E3CF921C7514FA002DA95E /* testSerialization.cpp */,
			);
			path = tests;
			sourceTree = "<group>";
		};
/* End PBXGroup section */

/* Begin PBXNativeTarget section */
		72E26FA91C3072340035E270 /* ComponentSystem */ = {
			isa = PBXNativeTarget;
			buildConfigurationList = 72E26FB11C3072340035E270 /* Build configuration list for PBXNativeTarget "ComponentSystem" */;
			buildPhases = (
				72E26FA61C3072340035E270 /* Sources */,
				72E26FA71C3072340035E270 /* Frameworks */,
				72E26FA81C3072340035E270 /* CopyFiles */,
			);
			buildRules = (
			);
			dependencies = (
			);
			name = ComponentSystem;
			productName = ComponentSystem;
			productReference = 72E26FAA1C3072340035E270 /* ComponentSystem */;
			productType = "com.apple.product-type.tool";
		};
/* End PBXNativeTarget section */

/* Begin PBXProject section */
		72E26FA21C3072340035E270 /* Project object */ = {
			isa = PBXProject;
			attributes = {
				LastUpgradeCheck = 0720;
				ORGANIZATIONNAME = "Jeppe Nielsen";
				TargetAttributes = {
					72E26FA91C3072340035E270 = {
						CreatedOnToolsVersion = 7.2;
					};
				};
			};
			buildConfigurationList = 72E26FA51C3072340035E270 /* Build configuration list for PBXProject "ComponentSystem" */;
			compatibilityVersion = "Xcode 3.2";
			developmentRegion = English;
			hasScannedForEncodings = 0;
			knownRegions = (
				en,
			);
			mainGroup = 72E26FA11C3072340035E270;
			productRefGroup = 72E26FAB1C3072340035E270 /* Products */;
			projectDirPath = "";
			projectRoot = "";
			targets = (
				72E26FA91C3072340035E270 /* ComponentSystem */,
			);
		};
/* End PBXProject section */

/* Begin PBXSourcesBuildPhase section */
		72E26FA61C3072340035E270 /* Sources */ = {
			isa = PBXSourcesBuildPhase;
			buildActionMask = 2147483647;
			files = (
				7279EE381C5EA47E0026F8C5 /* ScriptParser.cpp in Sources */,
				72F5CFC51C81C16D00C970EC /* GameObjectBase.hpp in Sources */,
				7279EE5E1C6B9D830026F8C5 /* ScriptWorld.cpp in Sources */,
				7279EE2E1C5E82E90026F8C5 /* ClangUtil.cpp in Sources */,
				72E3CF9F1C7514FA002DA95E /* testSerialization.cpp in Sources */,
				7279EE3B1C5EA5020026F8C5 /* ScriptClass.cpp in Sources */,
				72C9877E1C4AEB36008BEFF3 /* Timer.cpp in Sources */,
				72F5CFC81C81C21600C970EC /* GameComponent.cpp in Sources */,
			);
			runOnlyForDeploymentPostprocessing = 0;
		};
/* End PBXSourcesBuildPhase section */

/* Begin XCBuildConfiguration section */
		72E26FAF1C3072340035E270 /* Debug */ = {
			isa = XCBuildConfiguration;
			buildSettings = {
				ALWAYS_SEARCH_USER_PATHS = NO;
				CLANG_CXX_LANGUAGE_STANDARD = "gnu++0x";
				CLANG_CXX_LIBRARY = "libc++";
				CLANG_ENABLE_MODULES = YES;
				CLANG_ENABLE_OBJC_ARC = YES;
				CLANG_WARN_BOOL_CONVERSION = YES;
				CLANG_WARN_CONSTANT_CONVERSION = YES;
				CLANG_WARN_DIRECT_OBJC_ISA_USAGE = YES_ERROR;
				CLANG_WARN_EMPTY_BODY = YES;
				CLANG_WARN_ENUM_CONVERSION = YES;
				CLANG_WARN_INT_CONVERSION = YES;
				CLANG_WARN_OBJC_ROOT_CLASS = YES_ERROR;
				CLANG_WARN_UNREACHABLE_CODE = YES;
				CLANG_WARN__DUPLICATE_METHOD_MATCH = YES;
				CODE_SIGN_IDENTITY = "-";
				COPY_PHASE_STRIP = NO;
				DEBUG_INFORMATION_FORMAT = dwarf;
				ENABLE_STRICT_OBJC_MSGSEND = YES;
				ENABLE_TESTABILITY = YES;
				GCC_C_LANGUAGE_STANDARD = gnu99;
				GCC_DYNAMIC_NO_PIC = NO;
				GCC_NO_COMMON_BLOCKS = YES;
				GCC_OPTIMIZATION_LEVEL = 0;
				GCC_PREPROCESSOR_DEFINITIONS = (
					"DEBUG=1",
					"$(inherited)",
				);
				GCC_WARN_64_TO_32_BIT_CONVERSION = YES;
				GCC_WARN_ABOUT_RETURN_TYPE = YES_ERROR;
				GCC_WARN_UNDECLARED_SELECTOR = YES;
				GCC_WARN_UNINITIALIZED_AUTOS = YES_AGGRESSIVE;
				GCC_WARN_UNUSED_FUNCTION = YES;
				GCC_WARN_UNUSED_VARIABLE = YES;
				MACOSX_DEPLOYMENT_TARGET = 10.10;
				MTL_ENABLE_DEBUG_INFO = YES;
				ONLY_ACTIVE_ARCH = YES;
				SDKROOT = macosx;
			};
			name = Debug;
		};
		72E26FB01C3072340035E270 /* Release */ = {
			isa = XCBuildConfiguration;
			buildSettings = {
				ALWAYS_SEARCH_USER_PATHS = NO;
				CLANG_CXX_LANGUAGE_STANDARD = "gnu++0x";
				CLANG_CXX_LIBRARY = "libc++";
				CLANG_ENABLE_MODULES = YES;
				CLANG_ENABLE_OBJC_ARC = YES;
				CLANG_WARN_BOOL_CONVERSION = YES;
				CLANG_WARN_CONSTANT_CONVERSION = YES;
				CLANG_WARN_DIRECT_OBJC_ISA_USAGE = YES_ERROR;
				CLANG_WARN_EMPTY_BODY = YES;
				CLANG_WARN_ENUM_CONVERSION = YES;
				CLANG_WARN_INT_CONVERSION = YES;
				CLANG_WARN_OBJC_ROOT_CLASS = YES_ERROR;
				CLANG_WARN_UNREACHABLE_CODE = YES;
				CLANG_WARN__DUPLICATE_METHOD_MATCH = YES;
				CODE_SIGN_IDENTITY = "-";
				COPY_PHASE_STRIP = NO;
				DEBUG_INFORMATION_FORMAT = "dwarf-with-dsym";
				ENABLE_NS_ASSERTIONS = NO;
				ENABLE_STRICT_OBJC_MSGSEND = YES;
				GCC_C_LANGUAGE_STANDARD = gnu99;
				GCC_NO_COMMON_BLOCKS = YES;
				GCC_WARN_64_TO_32_BIT_CONVERSION = YES;
				GCC_WARN_ABOUT_RETURN_TYPE = YES_ERROR;
				GCC_WARN_UNDECLARED_SELECTOR = YES;
				GCC_WARN_UNINITIALIZED_AUTOS = YES_AGGRESSIVE;
				GCC_WARN_UNUSED_FUNCTION = YES;
				GCC_WARN_UNUSED_VARIABLE = YES;
				MACOSX_DEPLOYMENT_TARGET = 10.10;
				MTL_ENABLE_DEBUG_INFO = NO;
				SDKROOT = macosx;
			};
			name = Release;
		};
		72E26FB21C3072340035E270 /* Debug */ = {
			isa = XCBuildConfiguration;
			buildSettings = {
				CLANG_CXX_LANGUAGE_STANDARD = "c++14";
				HEADER_SEARCH_PATHS = "/Users/Jeppe/Downloads/clang+llvm-3.7.0-x86_64-apple-darwin/include";
				LIBRARY_SEARCH_PATHS = (
					"$(inherited)",
					"$(PROJECT_DIR)/Build/Build/Products/Debug",
					"/Users/Jeppe/Downloads/clang+llvm-3.7.0-x86_64-apple-darwin/lib",
					"$(PROJECT_DIR)/ComponentSystem",
					"$(PROJECT_DIR)/ComponentSystem/Libsigsegv",
				);
				OTHER_CPLUSPLUSFLAGS = "$(OTHER_CFLAGS)";
				PRODUCT_NAME = "$(TARGET_NAME)";
			};
			name = Debug;
		};
		72E26FB31C3072340035E270 /* Release */ = {
			isa = XCBuildConfiguration;
			buildSettings = {
				CLANG_CXX_LANGUAGE_STANDARD = "c++14";
				HEADER_SEARCH_PATHS = "/Users/Jeppe/Downloads/clang+llvm-3.7.0-x86_64-apple-darwin/include";
				LIBRARY_SEARCH_PATHS = (
					"$(inherited)",
					"$(PROJECT_DIR)/Build/Build/Products/Debug",
					"/Users/Jeppe/Downloads/clang+llvm-3.7.0-x86_64-apple-darwin/lib",
					"$(PROJECT_DIR)/ComponentSystem",
					"$(PROJECT_DIR)/ComponentSystem/Libsigsegv",
				);
				OTHER_CPLUSPLUSFLAGS = "$(OTHER_CFLAGS)";
				PRODUCT_NAME = "$(TARGET_NAME)";
			};
			name = Release;
		};
/* End XCBuildConfiguration section */

/* Begin XCConfigurationList section */
		72E26FA51C3072340035E270 /* Build configuration list for PBXProject "ComponentSystem" */ = {
			isa = XCConfigurationList;
			buildConfigurations = (
				72E26FAF1C3072340035E270 /* Debug */,
				72E26FB01C3072340035E270 /* Release */,
			);
			defaultConfigurationIsVisible = 0;
			defaultConfigurationName = Release;
		};
		72E26FB11C3072340035E270 /* Build configuration list for PBXNativeTarget "ComponentSystem" */ = {
			isa = XCConfigurationList;
			buildConfigurations = (
				72E26FB21C3072340035E270 /* Debug */,
				72E26FB31C3072340035E270 /* Release */,
			);
			defaultConfigurationIsVisible = 0;
			defaultConfigurationName = Release;
		};
/* End XCConfigurationList section */
	};
	rootObject = 72E26FA21C3072340035E270 /* Project object */;
}
