// !$*UTF8*$!
{
	archiveVersion = 1;
	classes = {
	};
	objectVersion = 46;
	objects = {

/* Begin PBXBuildFile section */
		72961DF21C36F9E9006B3FBC /* main.cpp in Sources */ = {isa = PBXBuildFile; fileRef = 72961DF11C36F9E9006B3FBC /* main.cpp */; };
		72961DF51C373BF7006B3FBC /* Logic.cpp in Sources */ = {isa = PBXBuildFile; fileRef = 72961DF41C373BF7006B3FBC /* Logic.cpp */; };
		72961E061C373CDD006B3FBC /* GameWorld.cpp in Sources */ = {isa = PBXBuildFile; fileRef = 72961E051C373CDD006B3FBC /* GameWorld.cpp */; };
		72961E0A1C3871D9006B3FBC /* Timer.cpp in Sources */ = {isa = PBXBuildFile; fileRef = 72961E081C3871D9006B3FBC /* Timer.cpp */; };
/* End PBXBuildFile section */

/* Begin PBXCopyFilesBuildPhase section */
		72E26FA81C3072340035E270 /* CopyFiles */ = {
			isa = PBXCopyFilesBuildPhase;
			buildActionMask = 2147483647;
			dstPath = /usr/share/man/man1/;
			dstSubfolderSpec = 0;
			files = (
			);
			runOnlyForDeploymentPostprocessing = 1;
		};
/* End PBXCopyFilesBuildPhase section */

/* Begin PBXFileReference section */
		72961DF11C36F9E9006B3FBC /* main.cpp */ = {isa = PBXFileReference; fileEncoding = 4; lastKnownFileType = sourcecode.cpp.cpp; path = main.cpp; sourceTree = "<group>"; };
		72961DF31C372F45006B3FBC /* Logic.hpp */ = {isa = PBXFileReference; fileEncoding = 4; lastKnownFileType = sourcecode.cpp.h; path = Logic.hpp; sourceTree = "<group>"; };
		72961DF41C373BF7006B3FBC /* Logic.cpp */ = {isa = PBXFileReference; fileEncoding = 4; lastKnownFileType = sourcecode.cpp.cpp; path = Logic.cpp; sourceTree = "<group>"; };
		72961E051C373CDD006B3FBC /* GameWorld.cpp */ = {isa = PBXFileReference; fileEncoding = 4; lastKnownFileType = sourcecode.cpp.cpp; path = GameWorld.cpp; sourceTree = "<group>"; };
		72961E081C3871D9006B3FBC /* Timer.cpp */ = {isa = PBXFileReference; fileEncoding = 4; lastKnownFileType = sourcecode.cpp.cpp; path = Timer.cpp; sourceTree = "<group>"; };
		72961E091C3871D9006B3FBC /* Timer.hpp */ = {isa = PBXFileReference; fileEncoding = 4; lastKnownFileType = sourcecode.cpp.h; path = Timer.hpp; sourceTree = "<group>"; };
		72E26FAA1C3072340035E270 /* ComponentSystem */ = {isa = PBXFileReference; explicitFileType = "compiled.mach-o.executable"; includeInIndex = 0; path = ComponentSystem; sourceTree = BUILT_PRODUCTS_DIR; };
		72E26FB51C3072C00035E270 /* meta.hpp */ = {isa = PBXFileReference; fileEncoding = 4; lastKnownFileType = sourcecode.cpp.h; path = meta.hpp; sourceTree = "<group>"; };
		72E26FB61C3072C00035E270 /* meta_fwd.hpp */ = {isa = PBXFileReference; fileEncoding = 4; lastKnownFileType = sourcecode.cpp.h; path = meta_fwd.hpp; sourceTree = "<group>"; };
		72E26FB81C30738E0035E270 /* GameSettings.hpp */ = {isa = PBXFileReference; fileEncoding = 4; lastKnownFileType = sourcecode.cpp.h; path = GameSettings.hpp; sourceTree = "<group>"; };
		72E26FBE1C30762F0035E270 /* metaLib.hpp */ = {isa = PBXFileReference; fileEncoding = 4; lastKnownFileType = sourcecode.cpp.h; path = metaLib.hpp; sourceTree = "<group>"; };
		72E26FBF1C3078830035E270 /* GameWorld.hpp */ = {isa = PBXFileReference; fileEncoding = 4; lastKnownFileType = sourcecode.cpp.h; path = GameWorld.hpp; sourceTree = "<group>"; };
		72E26FC41C308E9A0035E270 /* GameSystem.hpp */ = {isa = PBXFileReference; fileEncoding = 4; lastKnownFileType = sourcecode.cpp.h; path = GameSystem.hpp; sourceTree = "<group>"; };
		72E26FC71C32D83C0035E270 /* Container.hpp */ = {isa = PBXFileReference; fileEncoding = 4; lastKnownFileType = sourcecode.cpp.h; path = Container.hpp; sourceTree = "<group>"; };
/* End PBXFileReference section */

/* Begin PBXFrameworksBuildPhase section */
		72E26FA71C3072340035E270 /* Frameworks */ = {
			isa = PBXFrameworksBuildPhase;
			buildActionMask = 2147483647;
			files = (
			);
			runOnlyForDeploymentPostprocessing = 0;
		};
/* End PBXFrameworksBuildPhase section */

/* Begin PBXGroup section */
		72961E071C3871D9006B3FBC /* utils */ = {
			isa = PBXGroup;
			children = (
				72961E081C3871D9006B3FBC /* Timer.cpp */,
				72961E091C3871D9006B3FBC /* Timer.hpp */,
			);
			path = utils;
			sourceTree = "<group>";
		};
		72E26FA11C3072340035E270 = {
			isa = PBXGroup;
			children = (
				72E26FAC1C3072340035E270 /* ComponentSystem */,
				72E26FAB1C3072340035E270 /* Products */,
			);
			sourceTree = "<group>";
		};
		72E26FAB1C3072340035E270 /* Products */ = {
			isa = PBXGroup;
			children = (
				72E26FAA1C3072340035E270 /* ComponentSystem */,
			);
			name = Products;
			sourceTree = "<group>";
		};
		72E26FAC1C3072340035E270 /* ComponentSystem */ = {
			isa = PBXGroup;
			children = (
				72961E071C3871D9006B3FBC /* utils */,
				72E26FC71C32D83C0035E270 /* Container.hpp */,
				72E26FB81C30738E0035E270 /* GameSettings.hpp */,
				72E26FC41C308E9A0035E270 /* GameSystem.hpp */,
				72961E051C373CDD006B3FBC /* GameWorld.cpp */,
				72E26FBF1C3078830035E270 /* GameWorld.hpp */,
				72961DF41C373BF7006B3FBC /* Logic.cpp */,
				72961DF31C372F45006B3FBC /* Logic.hpp */,
				72961DF11C36F9E9006B3FBC /* main.cpp */,
				72E26FB41C3072C00035E270 /* meta */,
			);
			path = ComponentSystem;
			sourceTree = "<group>";
		};
		72E26FB41C3072C00035E270 /* meta */ = {
			isa = PBXGroup;
			children = (
				72E26FB51C3072C00035E270 /* meta.hpp */,
				72E26FB61C3072C00035E270 /* meta_fwd.hpp */,
				72E26FBE1C30762F0035E270 /* metaLib.hpp */,
			);
			path = meta;
			sourceTree = "<group>";
		};
/* End PBXGroup section */

/* Begin PBXNativeTarget section */
		72E26FA91C3072340035E270 /* ComponentSystem */ = {
			isa = PBXNativeTarget;
			buildConfigurationList = 72E26FB11C3072340035E270 /* Build configuration list for PBXNativeTarget "ComponentSystem" */;
			buildPhases = (
				72E26FA61C3072340035E270 /* Sources */,
				72E26FA71C3072340035E270 /* Frameworks */,
				72E26FA81C3072340035E270 /* CopyFiles */,
			);
			buildRules = (
			);
			dependencies = (
			);
			name = ComponentSystem;
			productName = ComponentSystem;
			productReference = 72E26FAA1C3072340035E270 /* ComponentSystem */;
			productType = "com.apple.product-type.tool";
		};
/* End PBXNativeTarget section */

/* Begin PBXProject section */
		72E26FA21C3072340035E270 /* Project object */ = {
			isa = PBXProject;
			attributes = {
				LastUpgradeCheck = 0720;
				ORGANIZATIONNAME = "Jeppe Nielsen";
				TargetAttributes = {
					72E26FA91C3072340035E270 = {
						CreatedOnToolsVersion = 7.2;
					};
				};
			};
			buildConfigurationList = 72E26FA51C3072340035E270 /* Build configuration list for PBXProject "ComponentSystem" */;
			compatibilityVersion = "Xcode 3.2";
			developmentRegion = English;
			hasScannedForEncodings = 0;
			knownRegions = (
				en,
			);
			mainGroup = 72E26FA11C3072340035E270;
			productRefGroup = 72E26FAB1C3072340035E270 /* Products */;
			projectDirPath = "";
			projectRoot = "";
			targets = (
				72E26FA91C3072340035E270 /* ComponentSystem */,
			);
		};
/* End PBXProject section */

/* Begin PBXSourcesBuildPhase section */
		72E26FA61C3072340035E270 /* Sources */ = {
			isa = PBXSourcesBuildPhase;
			buildActionMask = 2147483647;
			files = (
				72961DF51C373BF7006B3FBC /* Logic.cpp in Sources */,
				72961DF21C36F9E9006B3FBC /* main.cpp in Sources */,
				72961E061C373CDD006B3FBC /* GameWorld.cpp in Sources */,
				72961E0A1C3871D9006B3FBC /* Timer.cpp in Sources */,
			);
			runOnlyForDeploymentPostprocessing = 0;
		};
/* End PBXSourcesBuildPhase section */

/* Begin XCBuildConfiguration section */
		72E26FAF1C3072340035E270 /* Debug */ = {
			isa = XCBuildConfiguration;
			buildSettings = {
				ALWAYS_SEARCH_USER_PATHS = NO;
				CLANG_CXX_LANGUAGE_STANDARD = "gnu++0x";
				CLANG_CXX_LIBRARY = "libc++";
				CLANG_ENABLE_MODULES = YES;
				CLANG_ENABLE_OBJC_ARC = YES;
				CLANG_WARN_BOOL_CONVERSION = YES;
				CLANG_WARN_CONSTANT_CONVERSION = YES;
				CLANG_WARN_DIRECT_OBJC_ISA_USAGE = YES_ERROR;
				CLANG_WARN_EMPTY_BODY = YES;
				CLANG_WARN_ENUM_CONVERSION = YES;
				CLANG_WARN_INT_CONVERSION = YES;
				CLANG_WARN_OBJC_ROOT_CLASS = YES_ERROR;
				CLANG_WARN_UNREACHABLE_CODE = YES;
				CLANG_WARN__DUPLICATE_METHOD_MATCH = YES;
				CODE_SIGN_IDENTITY = "-";
				COPY_PHASE_STRIP = NO;
				DEBUG_INFORMATION_FORMAT = dwarf;
				ENABLE_STRICT_OBJC_MSGSEND = YES;
				ENABLE_TESTABILITY = YES;
				GCC_C_LANGUAGE_STANDARD = gnu99;
				GCC_DYNAMIC_NO_PIC = NO;
				GCC_NO_COMMON_BLOCKS = YES;
				GCC_OPTIMIZATION_LEVEL = 0;
				GCC_PREPROCESSOR_DEFINITIONS = (
					"DEBUG=1",
					"$(inherited)",
				);
				GCC_WARN_64_TO_32_BIT_CONVERSION = YES;
				GCC_WARN_ABOUT_RETURN_TYPE = YES_ERROR;
				GCC_WARN_UNDECLARED_SELECTOR = YES;
				GCC_WARN_UNINITIALIZED_AUTOS = YES_AGGRESSIVE;
				GCC_WARN_UNUSED_FUNCTION = YES;
				GCC_WARN_UNUSED_VARIABLE = YES;
				MACOSX_DEPLOYMENT_TARGET = 10.10;
				MTL_ENABLE_DEBUG_INFO = YES;
				ONLY_ACTIVE_ARCH = YES;
				SDKROOT = macosx;
			};
			name = Debug;
		};
		72E26FB01C3072340035E270 /* Release */ = {
			isa = XCBuildConfiguration;
			buildSettings = {
				ALWAYS_SEARCH_USER_PATHS = NO;
				CLANG_CXX_LANGUAGE_STANDARD = "gnu++0x";
				CLANG_CXX_LIBRARY = "libc++";
				CLANG_ENABLE_MODULES = YES;
				CLANG_ENABLE_OBJC_ARC = YES;
				CLANG_WARN_BOOL_CONVERSION = YES;
				CLANG_WARN_CONSTANT_CONVERSION = YES;
				CLANG_WARN_DIRECT_OBJC_ISA_USAGE = YES_ERROR;
				CLANG_WARN_EMPTY_BODY = YES;
				CLANG_WARN_ENUM_CONVERSION = YES;
				CLANG_WARN_INT_CONVERSION = YES;
				CLANG_WARN_OBJC_ROOT_CLASS = YES_ERROR;
				CLANG_WARN_UNREACHABLE_CODE = YES;
				CLANG_WARN__DUPLICATE_METHOD_MATCH = YES;
				CODE_SIGN_IDENTITY = "-";
				COPY_PHASE_STRIP = NO;
				DEBUG_INFORMATION_FORMAT = "dwarf-with-dsym";
				ENABLE_NS_ASSERTIONS = NO;
				ENABLE_STRICT_OBJC_MSGSEND = YES;
				GCC_C_LANGUAGE_STANDARD = gnu99;
				GCC_NO_COMMON_BLOCKS = YES;
				GCC_WARN_64_TO_32_BIT_CONVERSION = YES;
				GCC_WARN_ABOUT_RETURN_TYPE = YES_ERROR;
				GCC_WARN_UNDECLARED_SELECTOR = YES;
				GCC_WARN_UNINITIALIZED_AUTOS = YES_AGGRESSIVE;
				GCC_WARN_UNUSED_FUNCTION = YES;
				GCC_WARN_UNUSED_VARIABLE = YES;
				MACOSX_DEPLOYMENT_TARGET = 10.10;
				MTL_ENABLE_DEBUG_INFO = NO;
				SDKROOT = macosx;
			};
			name = Release;
		};
		72E26FB21C3072340035E270 /* Debug */ = {
			isa = XCBuildConfiguration;
			buildSettings = {
				CLANG_CXX_LANGUAGE_STANDARD = "c++14";
				PRODUCT_NAME = "$(TARGET_NAME)";
			};
			name = Debug;
		};
		72E26FB31C3072340035E270 /* Release */ = {
			isa = XCBuildConfiguration;
			buildSettings = {
				CLANG_CXX_LANGUAGE_STANDARD = "c++14";
				PRODUCT_NAME = "$(TARGET_NAME)";
			};
			name = Release;
		};
/* End XCBuildConfiguration section */

/* Begin XCConfigurationList section */
		72E26FA51C3072340035E270 /* Build configuration list for PBXProject "ComponentSystem" */ = {
			isa = XCConfigurationList;
			buildConfigurations = (
				72E26FAF1C3072340035E270 /* Debug */,
				72E26FB01C3072340035E270 /* Release */,
			);
			defaultConfigurationIsVisible = 0;
			defaultConfigurationName = Release;
		};
		72E26FB11C3072340035E270 /* Build configuration list for PBXNativeTarget "ComponentSystem" */ = {
			isa = XCConfigurationList;
			buildConfigurations = (
				72E26FB21C3072340035E270 /* Debug */,
				72E26FB31C3072340035E270 /* Release */,
			);
			defaultConfigurationIsVisible = 0;
			defaultConfigurationName = Release;
		};
/* End XCConfigurationList section */
	};
	rootObject = 72E26FA21C3072340035E270 /* Project object */;
}
